
Microsoft Visual Studio Solution File, Format Version 11.00
# Visual Studio 2010
Project("{FAE04EC0-301F-11D3-BF4B-00C04F79EFBC}") = "PlayFab", "PlayFab.csproj", "{C5C83B1D-2833-4D51-3325-C0B72F706BD0}"
EndProject
Project("{FAE04EC0-301F-11D3-BF4B-00C04F79EFBC}") = "PhotonUnityNetworking.Demos", "PhotonUnityNetworking.Demos.csproj", "{1FB36771-37F9-CD1E-E82A-5FD0578CCAC6}"
EndProject
Project("{FAE04EC0-301F-11D3-BF4B-00C04F79EFBC}") = "PhotonUnityNetworking.Utilities", "PhotonUnityNetworking.Utilities.csproj", "{56F06D19-152B-E556-8BB8-B1ABE0F13F9A}"
EndProject
Project("{FAE04EC0-301F-11D3-BF4B-00C04F79EFBC}") = "PhotonChat", "PhotonChat.csproj", "{F6712DD4-BE13-7271-3B4C-6FE31D041DA6}"
EndProject
Project("{FAE04EC0-301F-11D3-BF4B-00C04F79EFBC}") = "PhotonUnityNetworking", "PhotonUnityNetworking.csproj", "{297021CD-5937-1190-6B45-7E4D457F906A}"
EndProject
Project("{FAE04EC0-301F-11D3-BF4B-00C04F79EFBC}") = "Assembly-CSharp", "Assembly-CSharp.csproj", "{C31BAC27-A0D6-780D-559E-2E05FFB2C2DC}"
EndProject
Project("{FAE04EC0-301F-11D3-BF4B-00C04F79EFBC}") = "PhotonRealtime", "PhotonRealtime.csproj", "{B85B3CD0-7A19-0CD9-FC3F-9332451A12D5}"
EndProject
Project("{FAE04EC0-301F-11D3-BF4B-00C04F79EFBC}") = "PhotonWebSocket", "PhotonWebSocket.csproj", "{DC65142B-A59E-5F52-FE8E-9615CE4E324E}"
EndProject
Project("{FAE04EC0-301F-11D3-BF4B-00C04F79EFBC}") = "Assembly-CSharp-firstpass", "Assembly-CSharp-firstpass.csproj", "{B28DFCFF-531B-CC67-6A79-27030DC27959}"
EndProject
Project("{FAE04EC0-301F-11D3-BF4B-00C04F79EFBC}") = "PlayFabEditorExtensions", "PlayFabEditorExtensions.csproj", "{C34C46B4-BCC3-AA4D-15BA-997627FE8EF0}"
EndProject
Project("{FAE04EC0-301F-11D3-BF4B-00C04F79EFBC}") = "PhotonUnityNetworking.Editor", "PhotonUnityNetworking.Editor.csproj", "{0F8C86AC-AF97-E441-FE29-8BB7AB7FA1FD}"
EndProject
Project("{FAE04EC0-301F-11D3-BF4B-00C04F79EFBC}") = "PunDemos.DemoHubEditor", "PunDemos.DemoHubEditor.csproj", "{D2F7A1AE-3FEF-0D16-ABDB-290CE0F7A7E9}"
EndProject
Project("{FAE04EC0-301F-11D3-BF4B-00C04F79EFBC}") = "PhotonUnityNetworking.Utilities.PhotonPlayer.Editor", "PhotonUnityNetworking.Utilities.PhotonPlayer.Editor.csproj", "{9C82DC62-7AAB-8ED7-3668-9230D50407E6}"
EndProject
Project("{FAE04EC0-301F-11D3-BF4B-00C04F79EFBC}") = "PhotonUnityNetworking.Utilities.Culling.Editor", "PhotonUnityNetworking.Utilities.Culling.Editor.csproj", "{B1D9FE71-A869-0E24-2938-69B01982519C}"
EndProject
Project("{FAE04EC0-301F-11D3-BF4B-00C04F79EFBC}") = "PunDemos.DemoSlotcarEditor", "PunDemos.DemoSlotcarEditor.csproj", "{AFD86D60-16AA-40D5-9CBC-82A96C9B5EAC}"
EndProject
Project("{FAE04EC0-301F-11D3-BF4B-00C04F79EFBC}") = "PlayFabSDKEditor", "PlayFabSDKEditor.csproj", "{FD3C0849-FAC3-A10B-A952-57F1F980A699}"
EndProject
Global
	GlobalSection(SolutionConfigurationPlatforms) = preSolution
		Debug|Any CPU = Debug|Any CPU
		Release|Any CPU = Release|Any CPU
	EndGlobalSection
	GlobalSection(ProjectConfigurationPlatforms) = postSolution
		{C5C83B1D-2833-4D51-3325-C0B72F706BD0}.Debug|Any CPU.ActiveCfg = Debug|Any CPU
		{C5C83B1D-2833-4D51-3325-C0B72F706BD0}.Debug|Any CPU.Build.0 = Debug|Any CPU
		{C5C83B1D-2833-4D51-3325-C0B72F706BD0}.Release|Any CPU.ActiveCfg = Release|Any CPU
		{C5C83B1D-2833-4D51-3325-C0B72F706BD0}.Release|Any CPU.Build.0 = Release|Any CPU
		{1FB36771-37F9-CD1E-E82A-5FD0578CCAC6}.Debug|Any CPU.ActiveCfg = Debug|Any CPU
		{1FB36771-37F9-CD1E-E82A-5FD0578CCAC6}.Debug|Any CPU.Build.0 = Debug|Any CPU
		{1FB36771-37F9-CD1E-E82A-5FD0578CCAC6}.Release|Any CPU.ActiveCfg = Release|Any CPU
		{1FB36771-37F9-CD1E-E82A-5FD0578CCAC6}.Release|Any CPU.Build.0 = Release|Any CPU
		{56F06D19-152B-E556-8BB8-B1ABE0F13F9A}.Debug|Any CPU.ActiveCfg = Debug|Any CPU
		{56F06D19-152B-E556-8BB8-B1ABE0F13F9A}.Debug|Any CPU.Build.0 = Debug|Any CPU
		{56F06D19-152B-E556-8BB8-B1ABE0F13F9A}.Release|Any CPU.ActiveCfg = Release|Any CPU
		{56F06D19-152B-E556-8BB8-B1ABE0F13F9A}.Release|Any CPU.Build.0 = Release|Any CPU
		{F6712DD4-BE13-7271-3B4C-6FE31D041DA6}.Debug|Any CPU.ActiveCfg = Debug|Any CPU
		{F6712DD4-BE13-7271-3B4C-6FE31D041DA6}.Debug|Any CPU.Build.0 = Debug|Any CPU
		{F6712DD4-BE13-7271-3B4C-6FE31D041DA6}.Release|Any CPU.ActiveCfg = Release|Any CPU
		{F6712DD4-BE13-7271-3B4C-6FE31D041DA6}.Release|Any CPU.Build.0 = Release|Any CPU
		{297021CD-5937-1190-6B45-7E4D457F906A}.Debug|Any CPU.ActiveCfg = Debug|Any CPU
		{297021CD-5937-1190-6B45-7E4D457F906A}.Debug|Any CPU.Build.0 = Debug|Any CPU
		{297021CD-5937-1190-6B45-7E4D457F906A}.Release|Any CPU.ActiveCfg = Release|Any CPU
		{297021CD-5937-1190-6B45-7E4D457F906A}.Release|Any CPU.Build.0 = Release|Any CPU
		{C31BAC27-A0D6-780D-559E-2E05FFB2C2DC}.Debug|Any CPU.ActiveCfg = Debug|Any CPU
		{C31BAC27-A0D6-780D-559E-2E05FFB2C2DC}.Debug|Any CPU.Build.0 = Debug|Any CPU
		{C31BAC27-A0D6-780D-559E-2E05FFB2C2DC}.Release|Any CPU.ActiveCfg = Release|Any CPU
		{C31BAC27-A0D6-780D-559E-2E05FFB2C2DC}.Release|Any CPU.Build.0 = Release|Any CPU
		{B85B3CD0-7A19-0CD9-FC3F-9332451A12D5}.Debug|Any CPU.ActiveCfg = Debug|Any CPU
		{B85B3CD0-7A19-0CD9-FC3F-9332451A12D5}.Debug|Any CPU.Build.0 = Debug|Any CPU
		{B85B3CD0-7A19-0CD9-FC3F-9332451A12D5}.Release|Any CPU.ActiveCfg = Release|Any CPU
		{B85B3CD0-7A19-0CD9-FC3F-9332451A12D5}.Release|Any CPU.Build.0 = Release|Any CPU
		{DC65142B-A59E-5F52-FE8E-9615CE4E324E}.Debug|Any CPU.ActiveCfg = Debug|Any CPU
		{DC65142B-A59E-5F52-FE8E-9615CE4E324E}.Debug|Any CPU.Build.0 = Debug|Any CPU
		{DC65142B-A59E-5F52-FE8E-9615CE4E324E}.Release|Any CPU.ActiveCfg = Release|Any CPU
		{DC65142B-A59E-5F52-FE8E-9615CE4E324E}.Release|Any CPU.Build.0 = Release|Any CPU
		{B28DFCFF-531B-CC67-6A79-27030DC27959}.Debug|Any CPU.ActiveCfg = Debug|Any CPU
		{B28DFCFF-531B-CC67-6A79-27030DC27959}.Debug|Any CPU.Build.0 = Debug|Any CPU
		{B28DFCFF-531B-CC67-6A79-27030DC27959}.Release|Any CPU.ActiveCfg = Release|Any CPU
		{B28DFCFF-531B-CC67-6A79-27030DC27959}.Release|Any CPU.Build.0 = Release|Any CPU
		{C34C46B4-BCC3-AA4D-15BA-997627FE8EF0}.Debug|Any CPU.ActiveCfg = Debug|Any CPU
		{C34C46B4-BCC3-AA4D-15BA-997627FE8EF0}.Debug|Any CPU.Build.0 = Debug|Any CPU
		{C34C46B4-BCC3-AA4D-15BA-997627FE8EF0}.Release|Any CPU.ActiveCfg = Release|Any CPU
		{C34C46B4-BCC3-AA4D-15BA-997627FE8EF0}.Release|Any CPU.Build.0 = Release|Any CPU
		{0F8C86AC-AF97-E441-FE29-8BB7AB7FA1FD}.Debug|Any CPU.ActiveCfg = Debug|Any CPU
		{0F8C86AC-AF97-E441-FE29-8BB7AB7FA1FD}.Debug|Any CPU.Build.0 = Debug|Any CPU
		{0F8C86AC-AF97-E441-FE29-8BB7AB7FA1FD}.Release|Any CPU.ActiveCfg = Release|Any CPU
		{0F8C86AC-AF97-E441-FE29-8BB7AB7FA1FD}.Release|Any CPU.Build.0 = Release|Any CPU
		{D2F7A1AE-3FEF-0D16-ABDB-290CE0F7A7E9}.Debug|Any CPU.ActiveCfg = Debug|Any CPU
		{D2F7A1AE-3FEF-0D16-ABDB-290CE0F7A7E9}.Debug|Any CPU.Build.0 = Debug|Any CPU
		{D2F7A1AE-3FEF-0D16-ABDB-290CE0F7A7E9}.Release|Any CPU.ActiveCfg = Release|Any CPU
		{D2F7A1AE-3FEF-0D16-ABDB-290CE0F7A7E9}.Release|Any CPU.Build.0 = Release|Any CPU
		{9C82DC62-7AAB-8ED7-3668-9230D50407E6}.Debug|Any CPU.ActiveCfg = Debug|Any CPU
		{9C82DC62-7AAB-8ED7-3668-9230D50407E6}.Debug|Any CPU.Build.0 = Debug|Any CPU
		{9C82DC62-7AAB-8ED7-3668-9230D50407E6}.Release|Any CPU.ActiveCfg = Release|Any CPU
		{9C82DC62-7AAB-8ED7-3668-9230D50407E6}.Release|Any CPU.Build.0 = Release|Any CPU
		{B1D9FE71-A869-0E24-2938-69B01982519C}.Debug|Any CPU.ActiveCfg = Debug|Any CPU
		{B1D9FE71-A869-0E24-2938-69B01982519C}.Debug|Any CPU.Build.0 = Debug|Any CPU
		{B1D9FE71-A869-0E24-2938-69B01982519C}.Release|Any CPU.ActiveCfg = Release|Any CPU
		{B1D9FE71-A869-0E24-2938-69B01982519C}.Release|Any CPU.Build.0 = Release|Any CPU
		{AFD86D60-16AA-40D5-9CBC-82A96C9B5EAC}.Debug|Any CPU.ActiveCfg = Debug|Any CPU
		{AFD86D60-16AA-40D5-9CBC-82A96C9B5EAC}.Debug|Any CPU.Build.0 = Debug|Any CPU
		{AFD86D60-16AA-40D5-9CBC-82A96C9B5EAC}.Release|Any CPU.ActiveCfg = Release|Any CPU
		{AFD86D60-16AA-40D5-9CBC-82A96C9B5EAC}.Release|Any CPU.Build.0 = Release|Any CPU
		{FD3C0849-FAC3-A10B-A952-57F1F980A699}.Debug|Any CPU.ActiveCfg = Debug|Any CPU
		{FD3C0849-FAC3-A10B-A952-57F1F980A699}.Debug|Any CPU.Build.0 = Debug|Any CPU
		{FD3C0849-FAC3-A10B-A952-57F1F980A699}.Release|Any CPU.ActiveCfg = Release|Any CPU
		{FD3C0849-FAC3-A10B-A952-57F1F980A699}.Release|Any CPU.Build.0 = Release|Any CPU
	EndGlobalSection
	GlobalSection(SolutionProperties) = preSolution
		HideSolutionNode = FALSE
	EndGlobalSection
EndGlobal
